// !$*UTF8*$!
{
	archiveVersion = 1;
	classes = {
	};
	objectVersion = 46;
	objects = {

/* Begin PBXBuildFile section */
		6E5115BA1E6C5768002EF572 /* AppDelegate.swift in Sources */ = {isa = PBXBuildFile; fileRef = 6E5115B91E6C5768002EF572 /* AppDelegate.swift */; };
		6E5115BC1E6C5768002EF572 /* ViewController.swift in Sources */ = {isa = PBXBuildFile; fileRef = 6E5115BB1E6C5768002EF572 /* ViewController.swift */; };
		6E5115BF1E6C5768002EF572 /* Main.storyboard in Resources */ = {isa = PBXBuildFile; fileRef = 6E5115BD1E6C5768002EF572 /* Main.storyboard */; };
		6E5115C11E6C5768002EF572 /* Assets.xcassets in Resources */ = {isa = PBXBuildFile; fileRef = 6E5115C01E6C5768002EF572 /* Assets.xcassets */; };
		6E5115C41E6C5768002EF572 /* LaunchScreen.storyboard in Resources */ = {isa = PBXBuildFile; fileRef = 6E5115C21E6C5768002EF572 /* LaunchScreen.storyboard */; };
		6E5115CE1E6C58F4002EF572 /* HamburgerMenuButton.swift in Sources */ = {isa = PBXBuildFile; fileRef = 6E5115CD1E6C58F4002EF572 /* HamburgerMenuButton.swift */; };
/* End PBXBuildFile section */

/* Begin PBXFileReference section */
		6E5115B61E6C5768002EF572 /* HamburgerMenuButtonTestApp.app */ = {isa = PBXFileReference; explicitFileType = wrapper.application; includeInIndex = 0; path = HamburgerMenuButtonTestApp.app; sourceTree = BUILT_PRODUCTS_DIR; };
		6E5115B91E6C5768002EF572 /* AppDelegate.swift */ = {isa = PBXFileReference; lastKnownFileType = sourcecode.swift; path = AppDelegate.swift; sourceTree = "<group>"; };
		6E5115BB1E6C5768002EF572 /* ViewController.swift */ = {isa = PBXFileReference; lastKnownFileType = sourcecode.swift; path = ViewController.swift; sourceTree = "<group>"; };
		6E5115BE1E6C5768002EF572 /* Base */ = {isa = PBXFileReference; lastKnownFileType = file.storyboard; name = Base; path = Base.lproj/Main.storyboard; sourceTree = "<group>"; };
		6E5115C01E6C5768002EF572 /* Assets.xcassets */ = {isa = PBXFileReference; lastKnownFileType = folder.assetcatalog; path = Assets.xcassets; sourceTree = "<group>"; };
		6E5115C31E6C5768002EF572 /* Base */ = {isa = PBXFileReference; lastKnownFileType = file.storyboard; name = Base; path = Base.lproj/LaunchScreen.storyboard; sourceTree = "<group>"; };
		6E5115C51E6C5768002EF572 /* Info.plist */ = {isa = PBXFileReference; lastKnownFileType = text.plist.xml; path = Info.plist; sourceTree = "<group>"; };
		6E5115CD1E6C58F4002EF572 /* HamburgerMenuButton.swift */ = {isa = PBXFileReference; fileEncoding = 4; lastKnownFileType = sourcecode.swift; name = HamburgerMenuButton.swift; path = ../../HamburgerMenuButton/HamburgerMenuButton/HamburgerMenuButton.swift; sourceTree = "<group>"; };
/* End PBXFileReference section */

/* Begin PBXFrameworksBuildPhase section */
		6E5115B31E6C5768002EF572 /* Frameworks */ = {
			isa = PBXFrameworksBuildPhase;
			buildActionMask = 2147483647;
			files = (
			);
			runOnlyForDeploymentPostprocessing = 0;
		};
/* End PBXFrameworksBuildPhase section */

/* Begin PBXGroup section */
		6E5115AD1E6C5768002EF572 = {
			isa = PBXGroup;
			children = (
				6E5115B81E6C5768002EF572 /* HamburgerMenuButtonTestApp */,
				6E5115B71E6C5768002EF572 /* Products */,
			);
			sourceTree = "<group>";
		};
		6E5115B71E6C5768002EF572 /* Products */ = {
			isa = PBXGroup;
			children = (
				6E5115B61E6C5768002EF572 /* HamburgerMenuButtonTestApp.app */,
			);
			name = Products;
			sourceTree = "<group>";
		};
		6E5115B81E6C5768002EF572 /* HamburgerMenuButtonTestApp */ = {
			isa = PBXGroup;
			children = (
				6E5115B91E6C5768002EF572 /* AppDelegate.swift */,
				6E5115CD1E6C58F4002EF572 /* HamburgerMenuButton.swift */,
				6E5115BB1E6C5768002EF572 /* ViewController.swift */,
				6E5115BD1E6C5768002EF572 /* Main.storyboard */,
				6E5115C01E6C5768002EF572 /* Assets.xcassets */,
				6E5115C21E6C5768002EF572 /* LaunchScreen.storyboard */,
				6E5115C51E6C5768002EF572 /* Info.plist */,
			);
			path = HamburgerMenuButtonTestApp;
			sourceTree = "<group>";
		};
/* End PBXGroup section */

/* Begin PBXNativeTarget section */
		6E5115B51E6C5768002EF572 /* HamburgerMenuButtonTestApp */ = {
			isa = PBXNativeTarget;
			buildConfigurationList = 6E5115C81E6C5768002EF572 /* Build configuration list for PBXNativeTarget "HamburgerMenuButtonTestApp" */;
			buildPhases = (
				6E5115B21E6C5768002EF572 /* Sources */,
				6E5115B31E6C5768002EF572 /* Frameworks */,
				6E5115B41E6C5768002EF572 /* Resources */,
			);
			buildRules = (
			);
			dependencies = (
			);
			name = HamburgerMenuButtonTestApp;
			productName = HamburgerMenuButtonTestApp;
			productReference = 6E5115B61E6C5768002EF572 /* HamburgerMenuButtonTestApp.app */;
			productType = "com.apple.product-type.application";
		};
/* End PBXNativeTarget section */

/* Begin PBXProject section */
		6E5115AE1E6C5768002EF572 /* Project object */ = {
			isa = PBXProject;
			attributes = {
				LastSwiftUpdateCheck = 0820;
				LastUpgradeCheck = 0820;
				ORGANIZATIONNAME = KachelSolutions;
				TargetAttributes = {
					6E5115B51E6C5768002EF572 = {
						CreatedOnToolsVersion = 8.2.1;
						ProvisioningStyle = Automatic;
					};
				};
			};
			buildConfigurationList = 6E5115B11E6C5768002EF572 /* Build configuration list for PBXProject "HamburgerMenuButtonTestApp" */;
			compatibilityVersion = "Xcode 3.2";
			developmentRegion = English;
			hasScannedForEncodings = 0;
			knownRegions = (
				en,
				Base,
			);
			mainGroup = 6E5115AD1E6C5768002EF572;
			productRefGroup = 6E5115B71E6C5768002EF572 /* Products */;
			projectDirPath = "";
			projectRoot = "";
			targets = (
				6E5115B51E6C5768002EF572 /* HamburgerMenuButtonTestApp */,
			);
		};
/* End PBXProject section */

/* Begin PBXResourcesBuildPhase section */
		6E5115B41E6C5768002EF572 /* Resources */ = {
			isa = PBXResourcesBuildPhase;
			buildActionMask = 2147483647;
			files = (
				6E5115C41E6C5768002EF572 /* LaunchScreen.storyboard in Resources */,
				6E5115C11E6C5768002EF572 /* Assets.xcassets in Resources */,
				6E5115BF1E6C5768002EF572 /* Main.storyboard in Resources */,
			);
			runOnlyForDeploymentPostprocessing = 0;
		};
/* End PBXResourcesBuildPhase section */

/* Begin PBXSourcesBuildPhase section */
		6E5115B21E6C5768002EF572 /* Sources */ = {
			isa = PBXSourcesBuildPhase;
			buildActionMask = 2147483647;
			files = (
				6E5115BC1E6C5768002EF572 /* ViewController.swift in Sources */,
				6E5115CE1E6C58F4002EF572 /* HamburgerMenuButton.swift in Sources */,
				6E5115BA1E6C5768002EF572 /* AppDelegate.swift in Sources */,
			);
			runOnlyForDeploymentPostprocessing = 0;
		};
/* End PBXSourcesBuildPhase section */

/* Begin PBXVariantGroup section */
		6E5115BD1E6C5768002EF572 /* Main.storyboard */ = {
			isa = PBXVariantGroup;
			children = (
				6E5115BE1E6C5768002EF572 /* Base */,
			);
			name = Main.storyboard;
			sourceTree = "<group>";
		};
		6E5115C21E6C5768002EF572 /* LaunchScreen.storyboard */ = {
			isa = PBXVariantGroup;
			children = (
				6E5115C31E6C5768002EF572 /* Base */,
			);
			name = LaunchScreen.storyboard;
			sourceTree = "<group>";
		};
/* End PBXVariantGroup section */

/* Begin XCBuildConfiguration section */
		6E5115C61E6C5768002EF572 /* Debug */ = {
			isa = XCBuildConfiguration;
			buildSettings = {
				ALWAYS_SEARCH_USER_PATHS = NO;
				CLANG_ANALYZER_NONNULL = YES;
				CLANG_CXX_LANGUAGE_STANDARD = "gnu++0x";
				CLANG_CXX_LIBRARY = "libc++";
				CLANG_ENABLE_MODULES = YES;
				CLANG_ENABLE_OBJC_ARC = YES;
				CLANG_WARN_BOOL_CONVERSION = YES;
				CLANG_WARN_CONSTANT_CONVERSION = YES;
				CLANG_WARN_DIRECT_OBJC_ISA_USAGE = YES_ERROR;
				CLANG_WARN_DOCUMENTATION_COMMENTS = YES;
				CLANG_WARN_EMPTY_BODY = YES;
				CLANG_WARN_ENUM_CONVERSION = YES;
				CLANG_WARN_INFINITE_RECURSION = YES;
				CLANG_WARN_INT_CONVERSION = YES;
				CLANG_WARN_OBJC_ROOT_CLASS = YES_ERROR;
				CLANG_WARN_SUSPICIOUS_MOVE = YES;
				CLANG_WARN_UNREACHABLE_CODE = YES;
				CLANG_WARN__DUPLICATE_METHOD_MATCH = YES;
				"CODE_SIGN_IDENTITY[sdk=iphoneos*]" = "iPhone Developer";
				COPY_PHASE_STRIP = NO;
				DEBUG_INFORMATION_FORMAT = dwarf;
				ENABLE_STRICT_OBJC_MSGSEND = YES;
				ENABLE_TESTABILITY = YES;
				GCC_C_LANGUAGE_STANDARD = gnu99;
				GCC_DYNAMIC_NO_PIC = NO;
				GCC_NO_COMMON_BLOCKS = YES;
				GCC_OPTIMIZATION_LEVEL = 0;
				GCC_PREPROCESSOR_DEFINITIONS = (
					"DEBUG=1",
					"$(inherited)",
				);
				GCC_WARN_64_TO_32_BIT_CONVERSION = YES;
				GCC_WARN_ABOUT_RETURN_TYPE = YES_ERROR;
				GCC_WARN_UNDECLARED_SELECTOR = YES;
				GCC_WARN_UNINITIALIZED_AUTOS = YES_AGGRESSIVE;
				GCC_WARN_UNUSED_FUNCTION = YES;
				GCC_WARN_UNUSED_VARIABLE = YES;
				IPHONEOS_DEPLOYMENT_TARGET = 10.2;
				MTL_ENABLE_DEBUG_INFO = YES;
				ONLY_ACTIVE_ARCH = YES;
				SDKROOT = iphoneos;
				SWIFT_ACTIVE_COMPILATION_CONDITIONS = DEBUG;
				SWIFT_OPTIMIZATION_LEVEL = "-Onone";
			};
			name = Debug;
		};
		6E5115C71E6C5768002EF572 /* Release */ = {
			isa = XCBuildConfiguration;
			buildSettings = {
				ALWAYS_SEARCH_USER_PATHS = NO;
				CLANG_ANALYZER_NONNULL = YES;
				CLANG_CXX_LANGUAGE_STANDARD = "gnu++0x";
				CLANG_CXX_LIBRARY = "libc++";
				CLANG_ENABLE_MODULES = YES;
				CLANG_ENABLE_OBJC_ARC = YES;
				CLANG_WARN_BOOL_CONVERSION = YES;
				CLANG_WARN_CONSTANT_CONVERSION = YES;
				CLANG_WARN_DIRECT_OBJC_ISA_USAGE = YES_ERROR;
				CLANG_WARN_DOCUMENTATION_COMMENTS = YES;
				CLANG_WARN_EMPTY_BODY = YES;
				CLANG_WARN_ENUM_CONVERSION = YES;
				CLANG_WARN_INFINITE_RECURSION = YES;
				CLANG_WARN_INT_CONVERSION = YES;
				CLANG_WARN_OBJC_ROOT_CLASS = YES_ERROR;
				CLANG_WARN_SUSPICIOUS_MOVE = YES;
				CLANG_WARN_UNREACHABLE_CODE = YES;
				CLANG_WARN__DUPLICATE_METHOD_MATCH = YES;
				"CODE_SIGN_IDENTITY[sdk=iphoneos*]" = "iPhone Developer";
				COPY_PHASE_STRIP = NO;
				DEBUG_INFORMATION_FORMAT = "dwarf-with-dsym";
				ENABLE_NS_ASSERTIONS = NO;
				ENABLE_STRICT_OBJC_MSGSEND = YES;
				GCC_C_LANGUAGE_STANDARD = gnu99;
				GCC_NO_COMMON_BLOCKS = YES;
				GCC_WARN_64_TO_32_BIT_CONVERSION = YES;
				GCC_WARN_ABOUT_RETURN_TYPE = YES_ERROR;
				GCC_WARN_UNDECLARED_SELECTOR = YES;
				GCC_WARN_UNINITIALIZED_AUTOS = YES_AGGRESSIVE;
				GCC_WARN_UNUSED_FUNCTION = YES;
				GCC_WARN_UNUSED_VARIABLE = YES;
				IPHONEOS_DEPLOYMENT_TARGET = 10.2;
				MTL_ENABLE_DEBUG_INFO = NO;
				SDKROOT = iphoneos;
				SWIFT_OPTIMIZATION_LEVEL = "-Owholemodule";
				VALIDATE_PRODUCT = YES;
			};
			name = Release;
		};
		6E5115C91E6C5768002EF572 /* Debug */ = {
			isa = XCBuildConfiguration;
			buildSettings = {
				ASSETCATALOG_COMPILER_APPICON_NAME = AppIcon;
				INFOPLIST_FILE = HamburgerMenuButtonTestApp/Info.plist;
				LD_RUNPATH_SEARCH_PATHS = "$(inherited) @executable_path/Frameworks";
				PRODUCT_BUNDLE_IDENTIFIER = de.kachelSolutions.HamburgerMenuButtonTestApp;
				PRODUCT_NAME = "$(TARGET_NAME)";
				SWIFT_VERSION = 3.0;
			};
			name = Debug;
		};
		6E5115CA1E6C5768002EF572 /* Release */ = {
			isa = XCBuildConfiguration;
			buildSettings = {
				ASSETCATALOG_COMPILER_APPICON_NAME = AppIcon;
				INFOPLIST_FILE = HamburgerMenuButtonTestApp/Info.plist;
				LD_RUNPATH_SEARCH_PATHS = "$(inherited) @executable_path/Frameworks";
				PRODUCT_BUNDLE_IDENTIFIER = de.kachelSolutions.HamburgerMenuButtonTestApp;
				PRODUCT_NAME = "$(TARGET_NAME)";
				SWIFT_VERSION = 3.0;
			};
			name = Release;
		};
/* End XCBuildConfiguration section */

/* Begin XCConfigurationList section */
		6E5115B11E6C5768002EF572 /* Build configuration list for PBXProject "HamburgerMenuButtonTestApp" */ = {
			isa = XCConfigurationList;
			buildConfigurations = (
				6E5115C61E6C5768002EF572 /* Debug */,
				6E5115C71E6C5768002EF572 /* Release */,
			);
			defaultConfigurationIsVisible = 0;
			defaultConfigurationName = Release;
		};
		6E5115C81E6C5768002EF572 /* Build configuration list for PBXNativeTarget "HamburgerMenuButtonTestApp" */ = {
			isa = XCConfigurationList;
			buildConfigurations = (
				6E5115C91E6C5768002EF572 /* Debug */,
				6E5115CA1E6C5768002EF572 /* Release */,
			);
			defaultConfigurationIsVisible = 0;
		};
/* End XCConfigurationList section */
	};
	rootObject = 6E5115AE1E6C5768002EF572 /* Project object */;
}
